// !$*UTF8*$!
{
	archiveVersion = 1;
	classes = {
	};
	objectVersion = 46;
	objects = {

/* Begin PBXBuildFile section */
		2484601440C8ABD66677E0B6 /* libPods-DINGE.a in Frameworks */ = {isa = PBXBuildFile; fileRef = 66E960C773BB13E7F1EB1DE7 /* libPods-DINGE.a */; };
		91C7010A9FDA7F3AAB6A5DDD /* libPods-DINGEUITests.a in Frameworks */ = {isa = PBXBuildFile; fileRef = E156B1896BFE26141A00D1DF /* libPods-DINGEUITests.a */; };
		DB0403EA97B9F4DBC7E7418A /* libPods-DINGETests.a in Frameworks */ = {isa = PBXBuildFile; fileRef = 96B1584CDE9F96CE48DA81A5 /* libPods-DINGETests.a */; };
		E3523C351DDDD8CD00CBED52 /* Message.storyboard in Resources */ = {isa = PBXBuildFile; fileRef = E3523C321DDDD8CD00CBED52 /* Message.storyboard */; };
		E3523C381DDDD8FB00CBED52 /* MessageCell.m in Sources */ = {isa = PBXBuildFile; fileRef = E3523C371DDDD8FB00CBED52 /* MessageCell.m */; };
		E3523C401DDDE23B00CBED52 /* MessageController.m in Sources */ = {isa = PBXBuildFile; fileRef = E3523C3F1DDDE23B00CBED52 /* MessageController.m */; };
		E379FDDC1DDB3C2D001ECB10 /* main.m in Sources */ = {isa = PBXBuildFile; fileRef = E379FDDB1DDB3C2D001ECB10 /* main.m */; };
		E379FDDF1DDB3C2D001ECB10 /* AppDelegate.m in Sources */ = {isa = PBXBuildFile; fileRef = E379FDDE1DDB3C2D001ECB10 /* AppDelegate.m */; };
		E379FDE51DDB3C2D001ECB10 /* Main.storyboard in Resources */ = {isa = PBXBuildFile; fileRef = E379FDE31DDB3C2D001ECB10 /* Main.storyboard */; };
		E379FDE71DDB3C2D001ECB10 /* Assets.xcassets in Resources */ = {isa = PBXBuildFile; fileRef = E379FDE61DDB3C2D001ECB10 /* Assets.xcassets */; };
		E379FDEA1DDB3C2D001ECB10 /* LaunchScreen.storyboard in Resources */ = {isa = PBXBuildFile; fileRef = E379FDE81DDB3C2D001ECB10 /* LaunchScreen.storyboard */; };
		E379FDF51DDB3C2D001ECB10 /* DINGETests.m in Sources */ = {isa = PBXBuildFile; fileRef = E379FDF41DDB3C2D001ECB10 /* DINGETests.m */; };
		E379FE001DDB3C2D001ECB10 /* DINGEUITests.m in Sources */ = {isa = PBXBuildFile; fileRef = E379FDFF1DDB3C2D001ECB10 /* DINGEUITests.m */; };
		E379FE271DDB5228001ECB10 /* Discuss.storyboard in Resources */ = {isa = PBXBuildFile; fileRef = E379FE261DDB5228001ECB10 /* Discuss.storyboard */; };
		E3853A171DE43FD40025A385 /* UITabBar+Badge.m in Sources */ = {isa = PBXBuildFile; fileRef = E3853A161DE43FD40025A385 /* UITabBar+Badge.m */; };
		E39C86601DE1775600C9A115 /* HomePage.storyboard in Resources */ = {isa = PBXBuildFile; fileRef = E39C865E1DE1775600C9A115 /* HomePage.storyboard */; };
		E39C86631DE177BB00C9A115 /* HomePageController.m in Sources */ = {isa = PBXBuildFile; fileRef = E39C86621DE177BB00C9A115 /* HomePageController.m */; };
		E39C866B1DE19F2400C9A115 /* HPCarouselModel.m in Sources */ = {isa = PBXBuildFile; fileRef = E39C866A1DE19F2400C9A115 /* HPCarouselModel.m */; };
		E39C866E1DE1A39400C9A115 /* HomePageRightCell.m in Sources */ = {isa = PBXBuildFile; fileRef = E39C866D1DE1A39400C9A115 /* HomePageRightCell.m */; };
		E39C86711DE1A3A500C9A115 /* HomePageLeftCell.m in Sources */ = {isa = PBXBuildFile; fileRef = E39C86701DE1A3A500C9A115 /* HomePageLeftCell.m */; };
		E39C86771DE1A9C000C9A115 /* BaseNavigationController.m in Sources */ = {isa = PBXBuildFile; fileRef = E39C86741DE1A9C000C9A115 /* BaseNavigationController.m */; };
		E39C86781DE1A9C000C9A115 /* BaseTabBarController.m in Sources */ = {isa = PBXBuildFile; fileRef = E39C86761DE1A9C000C9A115 /* BaseTabBarController.m */; };
		E3A7E2D41DE298270046323D /* UserModel.m in Sources */ = {isa = PBXBuildFile; fileRef = E3A7E2D31DE298270046323D /* UserModel.m */; };
		E3A7E2D71DE29C150046323D /* MovieModel.m in Sources */ = {isa = PBXBuildFile; fileRef = E3A7E2D61DE29C150046323D /* MovieModel.m */; };
		E3A7E2DA1DE29CDE0046323D /* ImageModel.m in Sources */ = {isa = PBXBuildFile; fileRef = E3A7E2D91DE29CDE0046323D /* ImageModel.m */; };
		E3A7E2E01DE29D660046323D /* LanguageModel.m in Sources */ = {isa = PBXBuildFile; fileRef = E3A7E2DF1DE29D660046323D /* LanguageModel.m */; };
		E3A7E2E31DE2A8BD0046323D /* AkaModel.m in Sources */ = {isa = PBXBuildFile; fileRef = E3A7E2E21DE2A8BD0046323D /* AkaModel.m */; };
		E3A7E2E61DE2B7BC0046323D /* GenreModel.m in Sources */ = {isa = PBXBuildFile; fileRef = E3A7E2E51DE2B7BC0046323D /* GenreModel.m */; };
		E3A7E2E91DE2B7FA0046323D /* CountryModel.m in Sources */ = {isa = PBXBuildFile; fileRef = E3A7E2E81DE2B7FA0046323D /* CountryModel.m */; };
		E3A7E2EC1DE2B8610046323D /* CastsModel.m in Sources */ = {isa = PBXBuildFile; fileRef = E3A7E2EB1DE2B8610046323D /* CastsModel.m */; };
		E3A7E2EF1DE2B8990046323D /* DirectorModel.m in Sources */ = {isa = PBXBuildFile; fileRef = E3A7E2EE1DE2B8990046323D /* DirectorModel.m */; };
		E3A7E2F21DE2B8C20046323D /* RatingModel.m in Sources */ = {isa = PBXBuildFile; fileRef = E3A7E2F11DE2B8C20046323D /* RatingModel.m */; };
		E3BE3E4C1DE2C53F008100B2 /* addCollet.json in Resources */ = {isa = PBXBuildFile; fileRef = E3BE3E341DE2C53F008100B2 /* addCollet.json */; };
		E3BE3E4D1DE2C53F008100B2 /* addlike.json in Resources */ = {isa = PBXBuildFile; fileRef = E3BE3E351DE2C53F008100B2 /* addlike.json */; };
		E3BE3E4E1DE2C53F008100B2 /* commentMovie.json in Resources */ = {isa = PBXBuildFile; fileRef = E3BE3E361DE2C53F008100B2 /* commentMovie.json */; };
		E3BE3E4F1DE2C53F008100B2 /* commentsDetail.json in Resources */ = {isa = PBXBuildFile; fileRef = E3BE3E371DE2C53F008100B2 /* commentsDetail.json */; };
		E3BE3E501DE2C53F008100B2 /* editUserInfo.json in Resources */ = {isa = PBXBuildFile; fileRef = E3BE3E381DE2C53F008100B2 /* editUserInfo.json */; };
		E3BE3E511DE2C53F008100B2 /* focusUser.json in Resources */ = {isa = PBXBuildFile; fileRef = E3BE3E391DE2C53F008100B2 /* focusUser.json */; };
		E3BE3E521DE2C53F008100B2 /* getAvatar.json in Resources */ = {isa = PBXBuildFile; fileRef = E3BE3E3A1DE2C53F008100B2 /* getAvatar.json */; };
		E3BE3E531DE2C53F008100B2 /* getCarousels.json in Resources */ = {isa = PBXBuildFile; fileRef = E3BE3E3B1DE2C53F008100B2 /* getCarousels.json */; };
		E3BE3E541DE2C53F008100B2 /* getCommentsByMovie.json in Resources */ = {isa = PBXBuildFile; fileRef = E3BE3E3C1DE2C53F008100B2 /* getCommentsByMovie.json */; };
		E3BE3E551DE2C53F008100B2 /* getCommentsByRight.json in Resources */ = {isa = PBXBuildFile; fileRef = E3BE3E3D1DE2C53F008100B2 /* getCommentsByRight.json */; };
		E3BE3E561DE2C53F008100B2 /* getMessageDetail.json in Resources */ = {isa = PBXBuildFile; fileRef = E3BE3E3E1DE2C53F008100B2 /* getMessageDetail.json */; };
		E3BE3E571DE2C53F008100B2 /* getMessageList.json in Resources */ = {isa = PBXBuildFile; fileRef = E3BE3E3F1DE2C53F008100B2 /* getMessageList.json */; };
		E3BE3E581DE2C53F008100B2 /* getMyCollet.json in Resources */ = {isa = PBXBuildFile; fileRef = E3BE3E401DE2C53F008100B2 /* getMyCollet.json */; };
		E3BE3E591DE2C53F008100B2 /* getMyConmment.json in Resources */ = {isa = PBXBuildFile; fileRef = E3BE3E411DE2C53F008100B2 /* getMyConmment.json */; };
		E3BE3E5A1DE2C53F008100B2 /* getUserFocusFromlist.json in Resources */ = {isa = PBXBuildFile; fileRef = E3BE3E421DE2C53F008100B2 /* getUserFocusFromlist.json */; };
		E3BE3E5B1DE2C53F008100B2 /* getUserFocuslist.json in Resources */ = {isa = PBXBuildFile; fileRef = E3BE3E431DE2C53F008100B2 /* getUserFocuslist.json */; };
		E3BE3E5C1DE2C53F008100B2 /* getUserInfo.json in Resources */ = {isa = PBXBuildFile; fileRef = E3BE3E441DE2C53F008100B2 /* getUserInfo.json */; };
		E3BE3E5D1DE2C53F008100B2 /* movieFindOne.json in Resources */ = {isa = PBXBuildFile; fileRef = E3BE3E451DE2C53F008100B2 /* movieFindOne.json */; };
		E3BE3E5E1DE2C53F008100B2 /* sendMessage.json in Resources */ = {isa = PBXBuildFile; fileRef = E3BE3E461DE2C53F008100B2 /* sendMessage.json */; };
		E3BE3E5F1DE2C53F008100B2 /* showMovieList.json in Resources */ = {isa = PBXBuildFile; fileRef = E3BE3E471DE2C53F008100B2 /* showMovieList.json */; };
		E3BE3E601DE2C53F008100B2 /* signin.json in Resources */ = {isa = PBXBuildFile; fileRef = E3BE3E481DE2C53F008100B2 /* signin.json */; };
		E3BE3E611DE2C53F008100B2 /* signup.json in Resources */ = {isa = PBXBuildFile; fileRef = E3BE3E491DE2C53F008100B2 /* signup.json */; };
		E3BE3E621DE2C53F008100B2 /* unCollet.json in Resources */ = {isa = PBXBuildFile; fileRef = E3BE3E4A1DE2C53F008100B2 /* unCollet.json */; };
		E3BE3E631DE2C53F008100B2 /* unfocus.json in Resources */ = {isa = PBXBuildFile; fileRef = E3BE3E4B1DE2C53F008100B2 /* unfocus.json */; };
		E3BE3E661DE2C55A008100B2 /* ModelTest.m in Sources */ = {isa = PBXBuildFile; fileRef = E3BE3E651DE2C55A008100B2 /* ModelTest.m */; };
		E3BE3E6B1DE32EB2008100B2 /* HPCellModel.m in Sources */ = {isa = PBXBuildFile; fileRef = E3BE3E6A1DE32EB2008100B2 /* HPCellModel.m */; };
		E3BE3E6E1DE33323008100B2 /* ReplyModel.m in Sources */ = {isa = PBXBuildFile; fileRef = E3BE3E6D1DE33323008100B2 /* ReplyModel.m */; };
		E3BE3E7D1DE3D873008100B2 /* Me.storyboard in Resources */ = {isa = PBXBuildFile; fileRef = E3BE3E7B1DE3D873008100B2 /* Me.storyboard */; };
		E3BE3E801DE3D8B0008100B2 /* MeController.m in Sources */ = {isa = PBXBuildFile; fileRef = E3BE3E7F1DE3D8B0008100B2 /* MeController.m */; };
		E3BE3E831DE3DB72008100B2 /* MeCell.m in Sources */ = {isa = PBXBuildFile; fileRef = E3BE3E821DE3DB72008100B2 /* MeCell.m */; };
		E3BE3E861DE3DB83008100B2 /* MeInfoCell.m in Sources */ = {isa = PBXBuildFile; fileRef = E3BE3E851DE3DB83008100B2 /* MeInfoCell.m */; };
		E3E2182F1DE488A000924DD4 /* Discover.storyboard in Resources */ = {isa = PBXBuildFile; fileRef = E3E2182D1DE488A000924DD4 /* Discover.storyboard */; };
		E3E218321DE48BB700924DD4 /* DiscoverController.m in Sources */ = {isa = PBXBuildFile; fileRef = E3E218311DE48BB700924DD4 /* DiscoverController.m */; };
		E3E218371DE4972500924DD4 /* DiscoverCell.m in Sources */ = {isa = PBXBuildFile; fileRef = E3E218361DE4972500924DD4 /* DiscoverCell.m */; };
/* End PBXBuildFile section */

/* Begin PBXContainerItemProxy section */
		E379FDF11DDB3C2D001ECB10 /* PBXContainerItemProxy */ = {
			isa = PBXContainerItemProxy;
			containerPortal = E379FDCF1DDB3C2D001ECB10 /* Project object */;
			proxyType = 1;
			remoteGlobalIDString = E379FDD61DDB3C2D001ECB10;
			remoteInfo = DINGE;
		};
		E379FDFC1DDB3C2D001ECB10 /* PBXContainerItemProxy */ = {
			isa = PBXContainerItemProxy;
			containerPortal = E379FDCF1DDB3C2D001ECB10 /* Project object */;
			proxyType = 1;
			remoteGlobalIDString = E379FDD61DDB3C2D001ECB10;
			remoteInfo = DINGE;
		};
/* End PBXContainerItemProxy section */

/* Begin PBXFileReference section */
		345C8B2E15BBCC14C83091DC /* Pods-DINGE.release.xcconfig */ = {isa = PBXFileReference; includeInIndex = 1; lastKnownFileType = text.xcconfig; name = "Pods-DINGE.release.xcconfig"; path = "Pods/Target Support Files/Pods-DINGE/Pods-DINGE.release.xcconfig"; sourceTree = "<group>"; };
		41500BE2FAD887280BA8E768 /* Pods-DINGETests.release.xcconfig */ = {isa = PBXFileReference; includeInIndex = 1; lastKnownFileType = text.xcconfig; name = "Pods-DINGETests.release.xcconfig"; path = "Pods/Target Support Files/Pods-DINGETests/Pods-DINGETests.release.xcconfig"; sourceTree = "<group>"; };
		49E01C0CCF41A7709BB37189 /* Pods-DINGETests.debug.xcconfig */ = {isa = PBXFileReference; includeInIndex = 1; lastKnownFileType = text.xcconfig; name = "Pods-DINGETests.debug.xcconfig"; path = "Pods/Target Support Files/Pods-DINGETests/Pods-DINGETests.debug.xcconfig"; sourceTree = "<group>"; };
		66E960C773BB13E7F1EB1DE7 /* libPods-DINGE.a */ = {isa = PBXFileReference; explicitFileType = archive.ar; includeInIndex = 0; path = "libPods-DINGE.a"; sourceTree = BUILT_PRODUCTS_DIR; };
		7818E0514D423DB6FDFDEE87 /* Pods-DINGEUITests.debug.xcconfig */ = {isa = PBXFileReference; includeInIndex = 1; lastKnownFileType = text.xcconfig; name = "Pods-DINGEUITests.debug.xcconfig"; path = "Pods/Target Support Files/Pods-DINGEUITests/Pods-DINGEUITests.debug.xcconfig"; sourceTree = "<group>"; };
		96B1584CDE9F96CE48DA81A5 /* libPods-DINGETests.a */ = {isa = PBXFileReference; explicitFileType = archive.ar; includeInIndex = 0; path = "libPods-DINGETests.a"; sourceTree = BUILT_PRODUCTS_DIR; };
		D449E314B62DD7402AFF8A3C /* Pods-DINGE.debug.xcconfig */ = {isa = PBXFileReference; includeInIndex = 1; lastKnownFileType = text.xcconfig; name = "Pods-DINGE.debug.xcconfig"; path = "Pods/Target Support Files/Pods-DINGE/Pods-DINGE.debug.xcconfig"; sourceTree = "<group>"; };
		DBCC27242B1C3158DE653320 /* Pods-DINGEUITests.release.xcconfig */ = {isa = PBXFileReference; includeInIndex = 1; lastKnownFileType = text.xcconfig; name = "Pods-DINGEUITests.release.xcconfig"; path = "Pods/Target Support Files/Pods-DINGEUITests/Pods-DINGEUITests.release.xcconfig"; sourceTree = "<group>"; };
		E156B1896BFE26141A00D1DF /* libPods-DINGEUITests.a */ = {isa = PBXFileReference; explicitFileType = archive.ar; includeInIndex = 0; path = "libPods-DINGEUITests.a"; sourceTree = BUILT_PRODUCTS_DIR; };
		E3523C321DDDD8CD00CBED52 /* Message.storyboard */ = {isa = PBXFileReference; fileEncoding = 4; lastKnownFileType = file.storyboard; path = Message.storyboard; sourceTree = "<group>"; };
		E3523C361DDDD8FB00CBED52 /* MessageCell.h */ = {isa = PBXFileReference; fileEncoding = 4; lastKnownFileType = sourcecode.c.h; path = MessageCell.h; sourceTree = "<group>"; };
		E3523C371DDDD8FB00CBED52 /* MessageCell.m */ = {isa = PBXFileReference; fileEncoding = 4; lastKnownFileType = sourcecode.c.objc; path = MessageCell.m; sourceTree = "<group>"; };
		E3523C3E1DDDE23B00CBED52 /* MessageController.h */ = {isa = PBXFileReference; fileEncoding = 4; lastKnownFileType = sourcecode.c.h; path = MessageController.h; sourceTree = "<group>"; };
		E3523C3F1DDDE23B00CBED52 /* MessageController.m */ = {isa = PBXFileReference; fileEncoding = 4; lastKnownFileType = sourcecode.c.objc; path = MessageController.m; sourceTree = "<group>"; };
		E379FDD71DDB3C2D001ECB10 /* DINGE.app */ = {isa = PBXFileReference; explicitFileType = wrapper.application; includeInIndex = 0; path = DINGE.app; sourceTree = BUILT_PRODUCTS_DIR; };
		E379FDDB1DDB3C2D001ECB10 /* main.m */ = {isa = PBXFileReference; lastKnownFileType = sourcecode.c.objc; path = main.m; sourceTree = "<group>"; };
		E379FDDD1DDB3C2D001ECB10 /* AppDelegate.h */ = {isa = PBXFileReference; lastKnownFileType = sourcecode.c.h; path = AppDelegate.h; sourceTree = "<group>"; };
		E379FDDE1DDB3C2D001ECB10 /* AppDelegate.m */ = {isa = PBXFileReference; lastKnownFileType = sourcecode.c.objc; path = AppDelegate.m; sourceTree = "<group>"; };
		E379FDE41DDB3C2D001ECB10 /* Base */ = {isa = PBXFileReference; lastKnownFileType = file.storyboard; name = Base; path = Base.lproj/Main.storyboard; sourceTree = "<group>"; };
		E379FDE61DDB3C2D001ECB10 /* Assets.xcassets */ = {isa = PBXFileReference; lastKnownFileType = folder.assetcatalog; path = Assets.xcassets; sourceTree = "<group>"; };
		E379FDE91DDB3C2D001ECB10 /* Base */ = {isa = PBXFileReference; lastKnownFileType = file.storyboard; name = Base; path = Base.lproj/LaunchScreen.storyboard; sourceTree = "<group>"; };
		E379FDEB1DDB3C2D001ECB10 /* Info.plist */ = {isa = PBXFileReference; lastKnownFileType = text.plist.xml; path = Info.plist; sourceTree = "<group>"; };
		E379FDF01DDB3C2D001ECB10 /* DINGETests.xctest */ = {isa = PBXFileReference; explicitFileType = wrapper.cfbundle; includeInIndex = 0; path = DINGETests.xctest; sourceTree = BUILT_PRODUCTS_DIR; };
		E379FDF41DDB3C2D001ECB10 /* DINGETests.m */ = {isa = PBXFileReference; lastKnownFileType = sourcecode.c.objc; path = DINGETests.m; sourceTree = "<group>"; };
		E379FDF61DDB3C2D001ECB10 /* Info.plist */ = {isa = PBXFileReference; lastKnownFileType = text.plist.xml; path = Info.plist; sourceTree = "<group>"; };
		E379FDFB1DDB3C2D001ECB10 /* DINGEUITests.xctest */ = {isa = PBXFileReference; explicitFileType = wrapper.cfbundle; includeInIndex = 0; path = DINGEUITests.xctest; sourceTree = BUILT_PRODUCTS_DIR; };
		E379FDFF1DDB3C2D001ECB10 /* DINGEUITests.m */ = {isa = PBXFileReference; lastKnownFileType = sourcecode.c.objc; path = DINGEUITests.m; sourceTree = "<group>"; };
		E379FE011DDB3C2D001ECB10 /* Info.plist */ = {isa = PBXFileReference; lastKnownFileType = text.plist.xml; path = Info.plist; sourceTree = "<group>"; };
		E379FE171DDB4423001ECB10 /* DINGE_PCH.pch */ = {isa = PBXFileReference; fileEncoding = 4; lastKnownFileType = sourcecode.c.h; path = DINGE_PCH.pch; sourceTree = "<group>"; };
		E379FE261DDB5228001ECB10 /* Discuss.storyboard */ = {isa = PBXFileReference; fileEncoding = 4; lastKnownFileType = file.storyboard; path = Discuss.storyboard; sourceTree = "<group>"; };
		E3853A151DE43FD40025A385 /* UITabBar+Badge.h */ = {isa = PBXFileReference; fileEncoding = 4; lastKnownFileType = sourcecode.c.h; path = "UITabBar+Badge.h"; sourceTree = "<group>"; };
		E3853A161DE43FD40025A385 /* UITabBar+Badge.m */ = {isa = PBXFileReference; fileEncoding = 4; lastKnownFileType = sourcecode.c.objc; path = "UITabBar+Badge.m"; sourceTree = "<group>"; };
		E39C865E1DE1775600C9A115 /* HomePage.storyboard */ = {isa = PBXFileReference; fileEncoding = 4; lastKnownFileType = file.storyboard; path = HomePage.storyboard; sourceTree = "<group>"; };
		E39C86611DE177BB00C9A115 /* HomePageController.h */ = {isa = PBXFileReference; fileEncoding = 4; lastKnownFileType = sourcecode.c.h; path = HomePageController.h; sourceTree = "<group>"; };
		E39C86621DE177BB00C9A115 /* HomePageController.m */ = {isa = PBXFileReference; fileEncoding = 4; lastKnownFileType = sourcecode.c.objc; path = HomePageController.m; sourceTree = "<group>"; };
		E39C86691DE19F2400C9A115 /* HPCarouselModel.h */ = {isa = PBXFileReference; fileEncoding = 4; lastKnownFileType = sourcecode.c.h; path = HPCarouselModel.h; sourceTree = "<group>"; };
		E39C866A1DE19F2400C9A115 /* HPCarouselModel.m */ = {isa = PBXFileReference; fileEncoding = 4; lastKnownFileType = sourcecode.c.objc; path = HPCarouselModel.m; sourceTree = "<group>"; };
		E39C866C1DE1A39400C9A115 /* HomePageRightCell.h */ = {isa = PBXFileReference; fileEncoding = 4; lastKnownFileType = sourcecode.c.h; path = HomePageRightCell.h; sourceTree = "<group>"; };
		E39C866D1DE1A39400C9A115 /* HomePageRightCell.m */ = {isa = PBXFileReference; fileEncoding = 4; lastKnownFileType = sourcecode.c.objc; path = HomePageRightCell.m; sourceTree = "<group>"; };
		E39C866F1DE1A3A500C9A115 /* HomePageLeftCell.h */ = {isa = PBXFileReference; fileEncoding = 4; lastKnownFileType = sourcecode.c.h; path = HomePageLeftCell.h; sourceTree = "<group>"; };
		E39C86701DE1A3A500C9A115 /* HomePageLeftCell.m */ = {isa = PBXFileReference; fileEncoding = 4; lastKnownFileType = sourcecode.c.objc; path = HomePageLeftCell.m; sourceTree = "<group>"; };
		E39C86731DE1A9C000C9A115 /* BaseNavigationController.h */ = {isa = PBXFileReference; fileEncoding = 4; lastKnownFileType = sourcecode.c.h; path = BaseNavigationController.h; sourceTree = "<group>"; };
		E39C86741DE1A9C000C9A115 /* BaseNavigationController.m */ = {isa = PBXFileReference; fileEncoding = 4; lastKnownFileType = sourcecode.c.objc; path = BaseNavigationController.m; sourceTree = "<group>"; };
		E39C86751DE1A9C000C9A115 /* BaseTabBarController.h */ = {isa = PBXFileReference; fileEncoding = 4; lastKnownFileType = sourcecode.c.h; path = BaseTabBarController.h; sourceTree = "<group>"; };
		E39C86761DE1A9C000C9A115 /* BaseTabBarController.m */ = {isa = PBXFileReference; fileEncoding = 4; lastKnownFileType = sourcecode.c.objc; path = BaseTabBarController.m; sourceTree = "<group>"; };
		E3A7E2D21DE298270046323D /* UserModel.h */ = {isa = PBXFileReference; fileEncoding = 4; lastKnownFileType = sourcecode.c.h; path = UserModel.h; sourceTree = "<group>"; };
		E3A7E2D31DE298270046323D /* UserModel.m */ = {isa = PBXFileReference; fileEncoding = 4; lastKnownFileType = sourcecode.c.objc; path = UserModel.m; sourceTree = "<group>"; };
		E3A7E2D51DE29C150046323D /* MovieModel.h */ = {isa = PBXFileReference; fileEncoding = 4; lastKnownFileType = sourcecode.c.h; path = MovieModel.h; sourceTree = "<group>"; };
		E3A7E2D61DE29C150046323D /* MovieModel.m */ = {isa = PBXFileReference; fileEncoding = 4; lastKnownFileType = sourcecode.c.objc; path = MovieModel.m; sourceTree = "<group>"; };
		E3A7E2D81DE29CDE0046323D /* ImageModel.h */ = {isa = PBXFileReference; fileEncoding = 4; lastKnownFileType = sourcecode.c.h; path = ImageModel.h; sourceTree = "<group>"; };
		E3A7E2D91DE29CDE0046323D /* ImageModel.m */ = {isa = PBXFileReference; fileEncoding = 4; lastKnownFileType = sourcecode.c.objc; path = ImageModel.m; sourceTree = "<group>"; };
		E3A7E2DE1DE29D660046323D /* LanguageModel.h */ = {isa = PBXFileReference; fileEncoding = 4; lastKnownFileType = sourcecode.c.h; path = LanguageModel.h; sourceTree = "<group>"; };
		E3A7E2DF1DE29D660046323D /* LanguageModel.m */ = {isa = PBXFileReference; fileEncoding = 4; lastKnownFileType = sourcecode.c.objc; path = LanguageModel.m; sourceTree = "<group>"; };
		E3A7E2E11DE2A8BD0046323D /* AkaModel.h */ = {isa = PBXFileReference; fileEncoding = 4; lastKnownFileType = sourcecode.c.h; path = AkaModel.h; sourceTree = "<group>"; };
		E3A7E2E21DE2A8BD0046323D /* AkaModel.m */ = {isa = PBXFileReference; fileEncoding = 4; lastKnownFileType = sourcecode.c.objc; path = AkaModel.m; sourceTree = "<group>"; };
		E3A7E2E41DE2B7BC0046323D /* GenreModel.h */ = {isa = PBXFileReference; fileEncoding = 4; lastKnownFileType = sourcecode.c.h; path = GenreModel.h; sourceTree = "<group>"; };
		E3A7E2E51DE2B7BC0046323D /* GenreModel.m */ = {isa = PBXFileReference; fileEncoding = 4; lastKnownFileType = sourcecode.c.objc; path = GenreModel.m; sourceTree = "<group>"; };
		E3A7E2E71DE2B7FA0046323D /* CountryModel.h */ = {isa = PBXFileReference; fileEncoding = 4; lastKnownFileType = sourcecode.c.h; path = CountryModel.h; sourceTree = "<group>"; };
		E3A7E2E81DE2B7FA0046323D /* CountryModel.m */ = {isa = PBXFileReference; fileEncoding = 4; lastKnownFileType = sourcecode.c.objc; path = CountryModel.m; sourceTree = "<group>"; };
		E3A7E2EA1DE2B8610046323D /* CastsModel.h */ = {isa = PBXFileReference; fileEncoding = 4; lastKnownFileType = sourcecode.c.h; path = CastsModel.h; sourceTree = "<group>"; };
		E3A7E2EB1DE2B8610046323D /* CastsModel.m */ = {isa = PBXFileReference; fileEncoding = 4; lastKnownFileType = sourcecode.c.objc; path = CastsModel.m; sourceTree = "<group>"; };
		E3A7E2ED1DE2B8990046323D /* DirectorModel.h */ = {isa = PBXFileReference; fileEncoding = 4; lastKnownFileType = sourcecode.c.h; path = DirectorModel.h; sourceTree = "<group>"; };
		E3A7E2EE1DE2B8990046323D /* DirectorModel.m */ = {isa = PBXFileReference; fileEncoding = 4; lastKnownFileType = sourcecode.c.objc; path = DirectorModel.m; sourceTree = "<group>"; };
		E3A7E2F01DE2B8C20046323D /* RatingModel.h */ = {isa = PBXFileReference; fileEncoding = 4; lastKnownFileType = sourcecode.c.h; path = RatingModel.h; sourceTree = "<group>"; };
		E3A7E2F11DE2B8C20046323D /* RatingModel.m */ = {isa = PBXFileReference; fileEncoding = 4; lastKnownFileType = sourcecode.c.objc; path = RatingModel.m; sourceTree = "<group>"; };
		E3BE3E341DE2C53F008100B2 /* addCollet.json */ = {isa = PBXFileReference; fileEncoding = 4; lastKnownFileType = text.json; path = addCollet.json; sourceTree = "<group>"; };
		E3BE3E351DE2C53F008100B2 /* addlike.json */ = {isa = PBXFileReference; fileEncoding = 4; lastKnownFileType = text.json; path = addlike.json; sourceTree = "<group>"; };
		E3BE3E361DE2C53F008100B2 /* commentMovie.json */ = {isa = PBXFileReference; fileEncoding = 4; lastKnownFileType = text.json; path = commentMovie.json; sourceTree = "<group>"; };
		E3BE3E371DE2C53F008100B2 /* commentsDetail.json */ = {isa = PBXFileReference; fileEncoding = 4; lastKnownFileType = text.json; path = commentsDetail.json; sourceTree = "<group>"; };
		E3BE3E381DE2C53F008100B2 /* editUserInfo.json */ = {isa = PBXFileReference; fileEncoding = 4; lastKnownFileType = text.json; path = editUserInfo.json; sourceTree = "<group>"; };
		E3BE3E391DE2C53F008100B2 /* focusUser.json */ = {isa = PBXFileReference; fileEncoding = 4; lastKnownFileType = text.json; path = focusUser.json; sourceTree = "<group>"; };
		E3BE3E3A1DE2C53F008100B2 /* getAvatar.json */ = {isa = PBXFileReference; fileEncoding = 4; lastKnownFileType = text.json; path = getAvatar.json; sourceTree = "<group>"; };
		E3BE3E3B1DE2C53F008100B2 /* getCarousels.json */ = {isa = PBXFileReference; fileEncoding = 4; lastKnownFileType = text.json; path = getCarousels.json; sourceTree = "<group>"; };
		E3BE3E3C1DE2C53F008100B2 /* getCommentsByMovie.json */ = {isa = PBXFileReference; fileEncoding = 4; lastKnownFileType = text.json; path = getCommentsByMovie.json; sourceTree = "<group>"; };
		E3BE3E3D1DE2C53F008100B2 /* getCommentsByRight.json */ = {isa = PBXFileReference; fileEncoding = 4; lastKnownFileType = text.json; path = getCommentsByRight.json; sourceTree = "<group>"; };
		E3BE3E3E1DE2C53F008100B2 /* getMessageDetail.json */ = {isa = PBXFileReference; fileEncoding = 4; lastKnownFileType = text.json; path = getMessageDetail.json; sourceTree = "<group>"; };
		E3BE3E3F1DE2C53F008100B2 /* getMessageList.json */ = {isa = PBXFileReference; fileEncoding = 4; lastKnownFileType = text.json; path = getMessageList.json; sourceTree = "<group>"; };
		E3BE3E401DE2C53F008100B2 /* getMyCollet.json */ = {isa = PBXFileReference; fileEncoding = 4; lastKnownFileType = text.json; path = getMyCollet.json; sourceTree = "<group>"; };
		E3BE3E411DE2C53F008100B2 /* getMyConmment.json */ = {isa = PBXFileReference; fileEncoding = 4; lastKnownFileType = text.json; path = getMyConmment.json; sourceTree = "<group>"; };
		E3BE3E421DE2C53F008100B2 /* getUserFocusFromlist.json */ = {isa = PBXFileReference; fileEncoding = 4; lastKnownFileType = text.json; path = getUserFocusFromlist.json; sourceTree = "<group>"; };
		E3BE3E431DE2C53F008100B2 /* getUserFocuslist.json */ = {isa = PBXFileReference; fileEncoding = 4; lastKnownFileType = text.json; path = getUserFocuslist.json; sourceTree = "<group>"; };
		E3BE3E441DE2C53F008100B2 /* getUserInfo.json */ = {isa = PBXFileReference; fileEncoding = 4; lastKnownFileType = text.json; path = getUserInfo.json; sourceTree = "<group>"; };
		E3BE3E451DE2C53F008100B2 /* movieFindOne.json */ = {isa = PBXFileReference; fileEncoding = 4; lastKnownFileType = text.json; path = movieFindOne.json; sourceTree = "<group>"; };
		E3BE3E461DE2C53F008100B2 /* sendMessage.json */ = {isa = PBXFileReference; fileEncoding = 4; lastKnownFileType = text.json; path = sendMessage.json; sourceTree = "<group>"; };
		E3BE3E471DE2C53F008100B2 /* showMovieList.json */ = {isa = PBXFileReference; fileEncoding = 4; lastKnownFileType = text.json; path = showMovieList.json; sourceTree = "<group>"; };
		E3BE3E481DE2C53F008100B2 /* signin.json */ = {isa = PBXFileReference; fileEncoding = 4; lastKnownFileType = text.json; path = signin.json; sourceTree = "<group>"; };
		E3BE3E491DE2C53F008100B2 /* signup.json */ = {isa = PBXFileReference; fileEncoding = 4; lastKnownFileType = text.json; path = signup.json; sourceTree = "<group>"; };
		E3BE3E4A1DE2C53F008100B2 /* unCollet.json */ = {isa = PBXFileReference; fileEncoding = 4; lastKnownFileType = text.json; path = unCollet.json; sourceTree = "<group>"; };
		E3BE3E4B1DE2C53F008100B2 /* unfocus.json */ = {isa = PBXFileReference; fileEncoding = 4; lastKnownFileType = text.json; path = unfocus.json; sourceTree = "<group>"; };
		E3BE3E641DE2C55A008100B2 /* ModelTest.h */ = {isa = PBXFileReference; fileEncoding = 4; lastKnownFileType = sourcecode.c.h; path = ModelTest.h; sourceTree = "<group>"; };
		E3BE3E651DE2C55A008100B2 /* ModelTest.m */ = {isa = PBXFileReference; fileEncoding = 4; lastKnownFileType = sourcecode.c.objc; path = ModelTest.m; sourceTree = "<group>"; };
		E3BE3E691DE32EB2008100B2 /* HPCellModel.h */ = {isa = PBXFileReference; fileEncoding = 4; lastKnownFileType = sourcecode.c.h; path = HPCellModel.h; sourceTree = "<group>"; };
		E3BE3E6A1DE32EB2008100B2 /* HPCellModel.m */ = {isa = PBXFileReference; fileEncoding = 4; lastKnownFileType = sourcecode.c.objc; path = HPCellModel.m; sourceTree = "<group>"; };
		E3BE3E6C1DE33323008100B2 /* ReplyModel.h */ = {isa = PBXFileReference; fileEncoding = 4; lastKnownFileType = sourcecode.c.h; path = ReplyModel.h; sourceTree = "<group>"; };
		E3BE3E6D1DE33323008100B2 /* ReplyModel.m */ = {isa = PBXFileReference; fileEncoding = 4; lastKnownFileType = sourcecode.c.objc; path = ReplyModel.m; sourceTree = "<group>"; };
		E3BE3E711DE34239008100B2 /* Const.h */ = {isa = PBXFileReference; fileEncoding = 4; lastKnownFileType = sourcecode.c.h; path = Const.h; sourceTree = "<group>"; };
		E3BE3E7B1DE3D873008100B2 /* Me.storyboard */ = {isa = PBXFileReference; fileEncoding = 4; lastKnownFileType = file.storyboard; path = Me.storyboard; sourceTree = "<group>"; };
		E3BE3E7E1DE3D8B0008100B2 /* MeController.h */ = {isa = PBXFileReference; fileEncoding = 4; lastKnownFileType = sourcecode.c.h; path = MeController.h; sourceTree = "<group>"; };
		E3BE3E7F1DE3D8B0008100B2 /* MeController.m */ = {isa = PBXFileReference; fileEncoding = 4; lastKnownFileType = sourcecode.c.objc; path = MeController.m; sourceTree = "<group>"; };
		E3BE3E811DE3DB72008100B2 /* MeCell.h */ = {isa = PBXFileReference; fileEncoding = 4; lastKnownFileType = sourcecode.c.h; path = MeCell.h; sourceTree = "<group>"; };
		E3BE3E821DE3DB72008100B2 /* MeCell.m */ = {isa = PBXFileReference; fileEncoding = 4; lastKnownFileType = sourcecode.c.objc; path = MeCell.m; sourceTree = "<group>"; };
		E3BE3E841DE3DB83008100B2 /* MeInfoCell.h */ = {isa = PBXFileReference; fileEncoding = 4; lastKnownFileType = sourcecode.c.h; path = MeInfoCell.h; sourceTree = "<group>"; };
		E3BE3E851DE3DB83008100B2 /* MeInfoCell.m */ = {isa = PBXFileReference; fileEncoding = 4; lastKnownFileType = sourcecode.c.objc; path = MeInfoCell.m; sourceTree = "<group>"; };
		E3E2182D1DE488A000924DD4 /* Discover.storyboard */ = {isa = PBXFileReference; fileEncoding = 4; lastKnownFileType = file.storyboard; path = Discover.storyboard; sourceTree = "<group>"; };
		E3E218301DE48BB700924DD4 /* DiscoverController.h */ = {isa = PBXFileReference; fileEncoding = 4; lastKnownFileType = sourcecode.c.h; path = DiscoverController.h; sourceTree = "<group>"; };
		E3E218311DE48BB700924DD4 /* DiscoverController.m */ = {isa = PBXFileReference; fileEncoding = 4; lastKnownFileType = sourcecode.c.objc; path = DiscoverController.m; sourceTree = "<group>"; };
		E3E218351DE4972500924DD4 /* DiscoverCell.h */ = {isa = PBXFileReference; fileEncoding = 4; lastKnownFileType = sourcecode.c.h; path = DiscoverCell.h; sourceTree = "<group>"; };
		E3E218361DE4972500924DD4 /* DiscoverCell.m */ = {isa = PBXFileReference; fileEncoding = 4; lastKnownFileType = sourcecode.c.objc; path = DiscoverCell.m; sourceTree = "<group>"; };
/* End PBXFileReference section */

/* Begin PBXFrameworksBuildPhase section */
		E379FDD41DDB3C2D001ECB10 /* Frameworks */ = {
			isa = PBXFrameworksBuildPhase;
			buildActionMask = 2147483647;
			files = (
				2484601440C8ABD66677E0B6 /* libPods-DINGE.a in Frameworks */,
			);
			runOnlyForDeploymentPostprocessing = 0;
		};
		E379FDED1DDB3C2D001ECB10 /* Frameworks */ = {
			isa = PBXFrameworksBuildPhase;
			buildActionMask = 2147483647;
			files = (
				DB0403EA97B9F4DBC7E7418A /* libPods-DINGETests.a in Frameworks */,
			);
			runOnlyForDeploymentPostprocessing = 0;
		};
		E379FDF81DDB3C2D001ECB10 /* Frameworks */ = {
			isa = PBXFrameworksBuildPhase;
			buildActionMask = 2147483647;
			files = (
				91C7010A9FDA7F3AAB6A5DDD /* libPods-DINGEUITests.a in Frameworks */,
			);
			runOnlyForDeploymentPostprocessing = 0;
		};
/* End PBXFrameworksBuildPhase section */

/* Begin PBXGroup section */
		12111E5D62DB8855E095BBAD /* Pods */ = {
			isa = PBXGroup;
			children = (
				D449E314B62DD7402AFF8A3C /* Pods-DINGE.debug.xcconfig */,
				345C8B2E15BBCC14C83091DC /* Pods-DINGE.release.xcconfig */,
				49E01C0CCF41A7709BB37189 /* Pods-DINGETests.debug.xcconfig */,
				41500BE2FAD887280BA8E768 /* Pods-DINGETests.release.xcconfig */,
				7818E0514D423DB6FDFDEE87 /* Pods-DINGEUITests.debug.xcconfig */,
				DBCC27242B1C3158DE653320 /* Pods-DINGEUITests.release.xcconfig */,
			);
			name = Pods;
			sourceTree = "<group>";
		};
		A162B01A8F3A2BD474D83F1D /* Frameworks */ = {
			isa = PBXGroup;
			children = (
				66E960C773BB13E7F1EB1DE7 /* libPods-DINGE.a */,
				96B1584CDE9F96CE48DA81A5 /* libPods-DINGETests.a */,
				E156B1896BFE26141A00D1DF /* libPods-DINGEUITests.a */,
			);
			name = Frameworks;
			sourceTree = "<group>";
		};
		E32C8DDF1DDC783500C8B824 /* Other(其他) */ = {
			isa = PBXGroup;
			children = (
			);
			name = "Other(其他)";
			path = Other;
			sourceTree = "<group>";
		};
		E3523C2D1DDDD8CD00CBED52 /* Controller */ = {
			isa = PBXGroup;
			children = (
				E3523C3E1DDDE23B00CBED52 /* MessageController.h */,
				E3523C3F1DDDE23B00CBED52 /* MessageController.m */,
			);
			path = Controller;
			sourceTree = "<group>";
		};
		E3523C301DDDD8CD00CBED52 /* Model */ = {
			isa = PBXGroup;
			children = (
			);
			path = Model;
			sourceTree = "<group>";
		};
		E3523C311DDDD8CD00CBED52 /* Other */ = {
			isa = PBXGroup;
			children = (
				E3523C321DDDD8CD00CBED52 /* Message.storyboard */,
			);
			path = Other;
			sourceTree = "<group>";
		};
		E3523C331DDDD8CD00CBED52 /* View */ = {
			isa = PBXGroup;
			children = (
				E3523C361DDDD8FB00CBED52 /* MessageCell.h */,
				E3523C371DDDD8FB00CBED52 /* MessageCell.m */,
			);
			path = View;
			sourceTree = "<group>";
		};
		E3523C441DDDEE2500CBED52 /* Base */ = {
			isa = PBXGroup;
			children = (
				E3A7E2D11DE298100046323D /* Model */,
				E39C86721DE1A9C000C9A115 /* Controller */,
			);
			path = Base;
			sourceTree = "<group>";
		};
		E379FDCE1DDB3C2D001ECB10 = {
			isa = PBXGroup;
			children = (
				E379FDD91DDB3C2D001ECB10 /* DINGE */,
				E379FDF31DDB3C2D001ECB10 /* DINGETests */,
				E379FDFE1DDB3C2D001ECB10 /* DINGEUITests */,
				E379FDD81DDB3C2D001ECB10 /* Products */,
				12111E5D62DB8855E095BBAD /* Pods */,
				A162B01A8F3A2BD474D83F1D /* Frameworks */,
			);
			sourceTree = "<group>";
		};
		E379FDD81DDB3C2D001ECB10 /* Products */ = {
			isa = PBXGroup;
			children = (
				E379FDD71DDB3C2D001ECB10 /* DINGE.app */,
				E379FDF01DDB3C2D001ECB10 /* DINGETests.xctest */,
				E379FDFB1DDB3C2D001ECB10 /* DINGEUITests.xctest */,
			);
			name = Products;
			sourceTree = "<group>";
		};
		E379FDD91DDB3C2D001ECB10 /* DINGE */ = {
			isa = PBXGroup;
			children = (
				E3BE3E331DE2C53F008100B2 /* json(测试数据) */,
				E379FDDD1DDB3C2D001ECB10 /* AppDelegate.h */,
				E379FDDE1DDB3C2D001ECB10 /* AppDelegate.m */,
				E379FDE31DDB3C2D001ECB10 /* Main.storyboard */,
				E379FDE61DDB3C2D001ECB10 /* Assets.xcassets */,
				E379FDE81DDB3C2D001ECB10 /* LaunchScreen.storyboard */,
				E379FDEB1DDB3C2D001ECB10 /* Info.plist */,
				E379FE171DDB4423001ECB10 /* DINGE_PCH.pch */,
				E379FE0D1DDB404D001ECB10 /* Classes */,
				E379FDDA1DDB3C2D001ECB10 /* Supporting Files */,
			);
			path = DINGE;
			sourceTree = "<group>";
		};
		E379FDDA1DDB3C2D001ECB10 /* Supporting Files */ = {
			isa = PBXGroup;
			children = (
				E379FDDB1DDB3C2D001ECB10 /* main.m */,
			);
			name = "Supporting Files";
			sourceTree = "<group>";
		};
		E379FDF31DDB3C2D001ECB10 /* DINGETests */ = {
			isa = PBXGroup;
			children = (
				E379FDF41DDB3C2D001ECB10 /* DINGETests.m */,
				E379FDF61DDB3C2D001ECB10 /* Info.plist */,
			);
			path = DINGETests;
			sourceTree = "<group>";
		};
		E379FDFE1DDB3C2D001ECB10 /* DINGEUITests */ = {
			isa = PBXGroup;
			children = (
				E379FDFF1DDB3C2D001ECB10 /* DINGEUITests.m */,
				E379FE011DDB3C2D001ECB10 /* Info.plist */,
			);
			path = DINGEUITests;
			sourceTree = "<group>";
		};
		E379FE0D1DDB404D001ECB10 /* Classes */ = {
			isa = PBXGroup;
			children = (
				E379FE0F1DDB404D001ECB10 /* Main */,
				E379FE0E1DDB404D001ECB10 /* Expand */,
				E379FE151DDB404D001ECB10 /* Resource */,
				E379FE161DDB404D001ECB10 /* Vender */,
			);
			path = Classes;
			sourceTree = "<group>";
		};
		E379FE0E1DDB404D001ECB10 /* Expand */ = {
			isa = PBXGroup;
			children = (
				E3BE3E6F1DE34239008100B2 /* Category */,
				E3BE3E701DE34239008100B2 /* Const */,
			);
			path = Expand;
			sourceTree = "<group>";
		};
		E379FE0F1DDB404D001ECB10 /* Main */ = {
			isa = PBXGroup;
			children = (
				E3523C441DDDEE2500CBED52 /* Base */,
				E32C8DDF1DDC783500C8B824 /* Other(其他) */,
				E379FE121DDB404D001ECB10 /* HomePage(首页) */,
				E379FE101DDB404D001ECB10 /* Discover(发现) */,
				E379FE111DDB404D001ECB10 /* Discuss(讨论) */,
				E379FE141DDB404D001ECB10 /* Message(消息) */,
				E379FE131DDB404D001ECB10 /* Me(我的) */,
			);
			path = Main;
			sourceTree = "<group>";
		};
		E379FE101DDB404D001ECB10 /* Discover(发现) */ = {
			isa = PBXGroup;
			children = (
				E3E2182A1DE488A000924DD4 /* Controller */,
				E3E2182B1DE488A000924DD4 /* Model */,
				E3E2182E1DE488A000924DD4 /* View */,
				E3E2182C1DE488A000924DD4 /* Other */,
			);
			name = "Discover(发现)";
			path = Discover;
			sourceTree = "<group>";
		};
		E379FE111DDB404D001ECB10 /* Discuss(讨论) */ = {
			isa = PBXGroup;
			children = (
				E379FE261DDB5228001ECB10 /* Discuss.storyboard */,
			);
			name = "Discuss(讨论)";
			path = Discuss;
			sourceTree = "<group>";
		};
		E379FE121DDB404D001ECB10 /* HomePage(首页) */ = {
			isa = PBXGroup;
			children = (
				E39C865B1DE1775600C9A115 /* Controller */,
				E39C865C1DE1775600C9A115 /* Model */,
				E39C865F1DE1775600C9A115 /* View */,
				E39C865D1DE1775600C9A115 /* Other */,
			);
			name = "HomePage(首页)";
			path = HomePage;
			sourceTree = "<group>";
		};
		E379FE131DDB404D001ECB10 /* Me(我的) */ = {
			isa = PBXGroup;
			children = (
				E3BE3E781DE3D873008100B2 /* Controller */,
				E3BE3E791DE3D873008100B2 /* Model */,
				E3BE3E7C1DE3D873008100B2 /* View */,
				E3BE3E7A1DE3D873008100B2 /* Other */,
			);
			name = "Me(我的)";
			path = Me;
			sourceTree = "<group>";
		};
		E379FE141DDB404D001ECB10 /* Message(消息) */ = {
			isa = PBXGroup;
			children = (
				E3523C2D1DDDD8CD00CBED52 /* Controller */,
				E3523C301DDDD8CD00CBED52 /* Model */,
				E3523C331DDDD8CD00CBED52 /* View */,
				E3523C311DDDD8CD00CBED52 /* Other */,
			);
			name = "Message(消息)";
			path = Message;
			sourceTree = "<group>";
		};
		E379FE151DDB404D001ECB10 /* Resource */ = {
			isa = PBXGroup;
			children = (
			);
			path = Resource;
			sourceTree = "<group>";
		};
		E379FE161DDB404D001ECB10 /* Vender */ = {
			isa = PBXGroup;
			children = (
			);
			path = Vender;
			sourceTree = "<group>";
		};
		E39C865B1DE1775600C9A115 /* Controller */ = {
			isa = PBXGroup;
			children = (
				E39C86611DE177BB00C9A115 /* HomePageController.h */,
				E39C86621DE177BB00C9A115 /* HomePageController.m */,
			);
			path = Controller;
			sourceTree = "<group>";
		};
		E39C865C1DE1775600C9A115 /* Model */ = {
			isa = PBXGroup;
			children = (
				E39C86691DE19F2400C9A115 /* HPCarouselModel.h */,
				E39C866A1DE19F2400C9A115 /* HPCarouselModel.m */,
				E3BE3E691DE32EB2008100B2 /* HPCellModel.h */,
				E3BE3E6A1DE32EB2008100B2 /* HPCellModel.m */,
			);
			path = Model;
			sourceTree = "<group>";
		};
		E39C865D1DE1775600C9A115 /* Other */ = {
			isa = PBXGroup;
			children = (
				E39C865E1DE1775600C9A115 /* HomePage.storyboard */,
			);
			path = Other;
			sourceTree = "<group>";
		};
		E39C865F1DE1775600C9A115 /* View */ = {
			isa = PBXGroup;
			children = (
				E39C866F1DE1A3A500C9A115 /* HomePageLeftCell.h */,
				E39C86701DE1A3A500C9A115 /* HomePageLeftCell.m */,
				E39C866C1DE1A39400C9A115 /* HomePageRightCell.h */,
				E39C866D1DE1A39400C9A115 /* HomePageRightCell.m */,
			);
			path = View;
			sourceTree = "<group>";
		};
		E39C86721DE1A9C000C9A115 /* Controller */ = {
			isa = PBXGroup;
			children = (
				E39C86731DE1A9C000C9A115 /* BaseNavigationController.h */,
				E39C86741DE1A9C000C9A115 /* BaseNavigationController.m */,
				E39C86751DE1A9C000C9A115 /* BaseTabBarController.h */,
				E39C86761DE1A9C000C9A115 /* BaseTabBarController.m */,
			);
			path = Controller;
			sourceTree = "<group>";
		};
		E3A7E2D11DE298100046323D /* Model */ = {
			isa = PBXGroup;
			children = (
				E3A7E2D21DE298270046323D /* UserModel.h */,
				E3A7E2D31DE298270046323D /* UserModel.m */,
				E3A7E2D51DE29C150046323D /* MovieModel.h */,
				E3A7E2D61DE29C150046323D /* MovieModel.m */,
				E3A7E2D81DE29CDE0046323D /* ImageModel.h */,
				E3A7E2D91DE29CDE0046323D /* ImageModel.m */,
				E3A7E2DE1DE29D660046323D /* LanguageModel.h */,
				E3A7E2DF1DE29D660046323D /* LanguageModel.m */,
				E3A7E2E11DE2A8BD0046323D /* AkaModel.h */,
				E3A7E2E21DE2A8BD0046323D /* AkaModel.m */,
				E3A7E2E41DE2B7BC0046323D /* GenreModel.h */,
				E3A7E2E51DE2B7BC0046323D /* GenreModel.m */,
				E3A7E2E71DE2B7FA0046323D /* CountryModel.h */,
				E3A7E2E81DE2B7FA0046323D /* CountryModel.m */,
				E3A7E2EA1DE2B8610046323D /* CastsModel.h */,
				E3A7E2EB1DE2B8610046323D /* CastsModel.m */,
				E3A7E2ED1DE2B8990046323D /* DirectorModel.h */,
				E3A7E2EE1DE2B8990046323D /* DirectorModel.m */,
				E3A7E2F01DE2B8C20046323D /* RatingModel.h */,
				E3A7E2F11DE2B8C20046323D /* RatingModel.m */,
				E3BE3E6C1DE33323008100B2 /* ReplyModel.h */,
				E3BE3E6D1DE33323008100B2 /* ReplyModel.m */,
			);
			path = Model;
			sourceTree = "<group>";
		};
		E3BE3E331DE2C53F008100B2 /* json(测试数据) */ = {
			isa = PBXGroup;
			children = (
				E3BE3E341DE2C53F008100B2 /* addCollet.json */,
				E3BE3E351DE2C53F008100B2 /* addlike.json */,
				E3BE3E361DE2C53F008100B2 /* commentMovie.json */,
				E3BE3E371DE2C53F008100B2 /* commentsDetail.json */,
				E3BE3E381DE2C53F008100B2 /* editUserInfo.json */,
				E3BE3E391DE2C53F008100B2 /* focusUser.json */,
				E3BE3E3A1DE2C53F008100B2 /* getAvatar.json */,
				E3BE3E3B1DE2C53F008100B2 /* getCarousels.json */,
				E3BE3E3C1DE2C53F008100B2 /* getCommentsByMovie.json */,
				E3BE3E3D1DE2C53F008100B2 /* getCommentsByRight.json */,
				E3BE3E3E1DE2C53F008100B2 /* getMessageDetail.json */,
				E3BE3E3F1DE2C53F008100B2 /* getMessageList.json */,
				E3BE3E401DE2C53F008100B2 /* getMyCollet.json */,
				E3BE3E411DE2C53F008100B2 /* getMyConmment.json */,
				E3BE3E421DE2C53F008100B2 /* getUserFocusFromlist.json */,
				E3BE3E431DE2C53F008100B2 /* getUserFocuslist.json */,
				E3BE3E441DE2C53F008100B2 /* getUserInfo.json */,
				E3BE3E451DE2C53F008100B2 /* movieFindOne.json */,
				E3BE3E461DE2C53F008100B2 /* sendMessage.json */,
				E3BE3E471DE2C53F008100B2 /* showMovieList.json */,
				E3BE3E481DE2C53F008100B2 /* signin.json */,
				E3BE3E491DE2C53F008100B2 /* signup.json */,
				E3BE3E4A1DE2C53F008100B2 /* unCollet.json */,
				E3BE3E4B1DE2C53F008100B2 /* unfocus.json */,
				E3BE3E641DE2C55A008100B2 /* ModelTest.h */,
				E3BE3E651DE2C55A008100B2 /* ModelTest.m */,
			);
			name = "json(测试数据)";
			path = json;
			sourceTree = "<group>";
		};
		E3BE3E6F1DE34239008100B2 /* Category */ = {
			isa = PBXGroup;
			children = (
				E3853A151DE43FD40025A385 /* UITabBar+Badge.h */,
				E3853A161DE43FD40025A385 /* UITabBar+Badge.m */,
			);
			path = Category;
			sourceTree = "<group>";
		};
		E3BE3E701DE34239008100B2 /* Const */ = {
			isa = PBXGroup;
			children = (
				E3BE3E711DE34239008100B2 /* Const.h */,
			);
			path = Const;
			sourceTree = "<group>";
		};
		E3BE3E781DE3D873008100B2 /* Controller */ = {
			isa = PBXGroup;
			children = (
				E3BE3E7E1DE3D8B0008100B2 /* MeController.h */,
				E3BE3E7F1DE3D8B0008100B2 /* MeController.m */,
			);
			path = Controller;
			sourceTree = "<group>";
		};
		E3BE3E791DE3D873008100B2 /* Model */ = {
			isa = PBXGroup;
			children = (
			);
			path = Model;
			sourceTree = "<group>";
		};
		E3BE3E7A1DE3D873008100B2 /* Other */ = {
			isa = PBXGroup;
			children = (
				E3BE3E7B1DE3D873008100B2 /* Me.storyboard */,
			);
			path = Other;
			sourceTree = "<group>";
		};
		E3BE3E7C1DE3D873008100B2 /* View */ = {
			isa = PBXGroup;
			children = (
				E3BE3E811DE3DB72008100B2 /* MeCell.h */,
				E3BE3E821DE3DB72008100B2 /* MeCell.m */,
				E3BE3E841DE3DB83008100B2 /* MeInfoCell.h */,
				E3BE3E851DE3DB83008100B2 /* MeInfoCell.m */,
			);
			path = View;
			sourceTree = "<group>";
		};
		E3E2182A1DE488A000924DD4 /* Controller */ = {
			isa = PBXGroup;
			children = (
				E3E218301DE48BB700924DD4 /* DiscoverController.h */,
				E3E218311DE48BB700924DD4 /* DiscoverController.m */,
			);
			path = Controller;
			sourceTree = "<group>";
		};
		E3E2182B1DE488A000924DD4 /* Model */ = {
			isa = PBXGroup;
			children = (
			);
			path = Model;
			sourceTree = "<group>";
		};
		E3E2182C1DE488A000924DD4 /* Other */ = {
			isa = PBXGroup;
			children = (
				E3E2182D1DE488A000924DD4 /* Discover.storyboard */,
			);
			path = Other;
			sourceTree = "<group>";
		};
		E3E2182E1DE488A000924DD4 /* View */ = {
			isa = PBXGroup;
			children = (
				E3E218351DE4972500924DD4 /* DiscoverCell.h */,
				E3E218361DE4972500924DD4 /* DiscoverCell.m */,
			);
			path = View;
			sourceTree = "<group>";
		};
/* End PBXGroup section */

/* Begin PBXNativeTarget section */
		E379FDD61DDB3C2D001ECB10 /* DINGE */ = {
			isa = PBXNativeTarget;
			buildConfigurationList = E379FE041DDB3C2D001ECB10 /* Build configuration list for PBXNativeTarget "DINGE" */;
			buildPhases = (
				5488E0D6555F86F9F82CE472 /* [CP] Check Pods Manifest.lock */,
				E379FDD31DDB3C2D001ECB10 /* Sources */,
				E379FDD41DDB3C2D001ECB10 /* Frameworks */,
				E379FDD51DDB3C2D001ECB10 /* Resources */,
				4E7C1D77CEC8C3923BE5BED9 /* [CP] Embed Pods Frameworks */,
				50A584FC767896AD2BD328E6 /* [CP] Copy Pods Resources */,
			);
			buildRules = (
			);
			dependencies = (
			);
			name = DINGE;
			productName = DINGE;
			productReference = E379FDD71DDB3C2D001ECB10 /* DINGE.app */;
			productType = "com.apple.product-type.application";
		};
		E379FDEF1DDB3C2D001ECB10 /* DINGETests */ = {
			isa = PBXNativeTarget;
			buildConfigurationList = E379FE071DDB3C2D001ECB10 /* Build configuration list for PBXNativeTarget "DINGETests" */;
			buildPhases = (
				DE63F5BA97027EDA48407086 /* [CP] Check Pods Manifest.lock */,
				E379FDEC1DDB3C2D001ECB10 /* Sources */,
				E379FDED1DDB3C2D001ECB10 /* Frameworks */,
				E379FDEE1DDB3C2D001ECB10 /* Resources */,
				8932B1F70F35A478E3416566 /* [CP] Embed Pods Frameworks */,
				90CF7940623799A000A9BFEB /* [CP] Copy Pods Resources */,
			);
			buildRules = (
			);
			dependencies = (
				E379FDF21DDB3C2D001ECB10 /* PBXTargetDependency */,
			);
			name = DINGETests;
			productName = DINGETests;
			productReference = E379FDF01DDB3C2D001ECB10 /* DINGETests.xctest */;
			productType = "com.apple.product-type.bundle.unit-test";
		};
		E379FDFA1DDB3C2D001ECB10 /* DINGEUITests */ = {
			isa = PBXNativeTarget;
			buildConfigurationList = E379FE0A1DDB3C2D001ECB10 /* Build configuration list for PBXNativeTarget "DINGEUITests" */;
			buildPhases = (
				ECABBA8531E6191A457C9A5D /* [CP] Check Pods Manifest.lock */,
				E379FDF71DDB3C2D001ECB10 /* Sources */,
				E379FDF81DDB3C2D001ECB10 /* Frameworks */,
				E379FDF91DDB3C2D001ECB10 /* Resources */,
				375BA56EA89B81CE82C8D8FC /* [CP] Copy Pods Resources */,
			);
			buildRules = (
			);
			dependencies = (
				E379FDFD1DDB3C2D001ECB10 /* PBXTargetDependency */,
			);
			name = DINGEUITests;
			productName = DINGEUITests;
			productReference = E379FDFB1DDB3C2D001ECB10 /* DINGEUITests.xctest */;
			productType = "com.apple.product-type.bundle.ui-testing";
		};
/* End PBXNativeTarget section */

/* Begin PBXProject section */
		E379FDCF1DDB3C2D001ECB10 /* Project object */ = {
			isa = PBXProject;
			attributes = {
				LastUpgradeCheck = 0810;
				ORGANIZATIONNAME = chocklee;
				TargetAttributes = {
					E379FDD61DDB3C2D001ECB10 = {
						CreatedOnToolsVersion = 8.1;
						DevelopmentTeam = U94Q9R7M6A;
						ProvisioningStyle = Automatic;
					};
					E379FDEF1DDB3C2D001ECB10 = {
						CreatedOnToolsVersion = 8.1;
						DevelopmentTeam = WDDBSC2C6T;
						ProvisioningStyle = Automatic;
						TestTargetID = E379FDD61DDB3C2D001ECB10;
					};
					E379FDFA1DDB3C2D001ECB10 = {
						CreatedOnToolsVersion = 8.1;
						DevelopmentTeam = WDDBSC2C6T;
						ProvisioningStyle = Automatic;
						TestTargetID = E379FDD61DDB3C2D001ECB10;
					};
				};
			};
			buildConfigurationList = E379FDD21DDB3C2D001ECB10 /* Build configuration list for PBXProject "DINGE" */;
			compatibilityVersion = "Xcode 3.2";
			developmentRegion = English;
			hasScannedForEncodings = 0;
			knownRegions = (
				en,
				Base,
			);
			mainGroup = E379FDCE1DDB3C2D001ECB10;
			productRefGroup = E379FDD81DDB3C2D001ECB10 /* Products */;
			projectDirPath = "";
			projectRoot = "";
			targets = (
				E379FDD61DDB3C2D001ECB10 /* DINGE */,
				E379FDEF1DDB3C2D001ECB10 /* DINGETests */,
				E379FDFA1DDB3C2D001ECB10 /* DINGEUITests */,
			);
		};
/* End PBXProject section */

/* Begin PBXResourcesBuildPhase section */
		E379FDD51DDB3C2D001ECB10 /* Resources */ = {
			isa = PBXResourcesBuildPhase;
			buildActionMask = 2147483647;
			files = (
				E3BE3E551DE2C53F008100B2 /* getCommentsByRight.json in Resources */,
				E39C86601DE1775600C9A115 /* HomePage.storyboard in Resources */,
				E379FDEA1DDB3C2D001ECB10 /* LaunchScreen.storyboard in Resources */,
				E3BE3E5A1DE2C53F008100B2 /* getUserFocusFromlist.json in Resources */,
				E3BE3E521DE2C53F008100B2 /* getAvatar.json in Resources */,
				E3BE3E501DE2C53F008100B2 /* editUserInfo.json in Resources */,
				E3BE3E4C1DE2C53F008100B2 /* addCollet.json in Resources */,
				E3BE3E5F1DE2C53F008100B2 /* showMovieList.json in Resources */,
				E3BE3E5C1DE2C53F008100B2 /* getUserInfo.json in Resources */,
				E3E2182F1DE488A000924DD4 /* Discover.storyboard in Resources */,
				E3BE3E581DE2C53F008100B2 /* getMyCollet.json in Resources */,
				E3BE3E511DE2C53F008100B2 /* focusUser.json in Resources */,
				E3BE3E621DE2C53F008100B2 /* unCollet.json in Resources */,
				E3BE3E601DE2C53F008100B2 /* signin.json in Resources */,
				E379FE271DDB5228001ECB10 /* Discuss.storyboard in Resources */,
				E379FDE71DDB3C2D001ECB10 /* Assets.xcassets in Resources */,
				E3BE3E541DE2C53F008100B2 /* getCommentsByMovie.json in Resources */,
				E3BE3E4E1DE2C53F008100B2 /* commentMovie.json in Resources */,
				E3BE3E531DE2C53F008100B2 /* getCarousels.json in Resources */,
				E3BE3E4D1DE2C53F008100B2 /* addlike.json in Resources */,
				E3BE3E5B1DE2C53F008100B2 /* getUserFocuslist.json in Resources */,
				E3BE3E4F1DE2C53F008100B2 /* commentsDetail.json in Resources */,
				E3BE3E7D1DE3D873008100B2 /* Me.storyboard in Resources */,
				E379FDE51DDB3C2D001ECB10 /* Main.storyboard in Resources */,
				E3BE3E631DE2C53F008100B2 /* unfocus.json in Resources */,
				E3BE3E591DE2C53F008100B2 /* getMyConmment.json in Resources */,
				E3BE3E571DE2C53F008100B2 /* getMessageList.json in Resources */,
				E3BE3E561DE2C53F008100B2 /* getMessageDetail.json in Resources */,
				E3523C351DDDD8CD00CBED52 /* Message.storyboard in Resources */,
				E3BE3E5D1DE2C53F008100B2 /* movieFindOne.json in Resources */,
				E3BE3E611DE2C53F008100B2 /* signup.json in Resources */,
				E3BE3E5E1DE2C53F008100B2 /* sendMessage.json in Resources */,
			);
			runOnlyForDeploymentPostprocessing = 0;
		};
		E379FDEE1DDB3C2D001ECB10 /* Resources */ = {
			isa = PBXResourcesBuildPhase;
			buildActionMask = 2147483647;
			files = (
			);
			runOnlyForDeploymentPostprocessing = 0;
		};
		E379FDF91DDB3C2D001ECB10 /* Resources */ = {
			isa = PBXResourcesBuildPhase;
			buildActionMask = 2147483647;
			files = (
			);
			runOnlyForDeploymentPostprocessing = 0;
		};
/* End PBXResourcesBuildPhase section */

/* Begin PBXShellScriptBuildPhase section */
		375BA56EA89B81CE82C8D8FC /* [CP] Copy Pods Resources */ = {
			isa = PBXShellScriptBuildPhase;
			buildActionMask = 2147483647;
			files = (
			);
			inputPaths = (
			);
			name = "[CP] Copy Pods Resources";
			outputPaths = (
			);
			runOnlyForDeploymentPostprocessing = 0;
			shellPath = /bin/sh;
			shellScript = "\"${SRCROOT}/Pods/Target Support Files/Pods-DINGEUITests/Pods-DINGEUITests-resources.sh\"\n";
			showEnvVarsInLog = 0;
		};
		4E7C1D77CEC8C3923BE5BED9 /* [CP] Embed Pods Frameworks */ = {
			isa = PBXShellScriptBuildPhase;
			buildActionMask = 2147483647;
			files = (
			);
			inputPaths = (
			);
			name = "[CP] Embed Pods Frameworks";
			outputPaths = (
			);
			runOnlyForDeploymentPostprocessing = 0;
			shellPath = /bin/sh;
			shellScript = "\"${SRCROOT}/Pods/Target Support Files/Pods-DINGE/Pods-DINGE-frameworks.sh\"\n";
			showEnvVarsInLog = 0;
		};
		50A584FC767896AD2BD328E6 /* [CP] Copy Pods Resources */ = {
			isa = PBXShellScriptBuildPhase;
			buildActionMask = 2147483647;
			files = (
			);
			inputPaths = (
			);
			name = "[CP] Copy Pods Resources";
			outputPaths = (
			);
			runOnlyForDeploymentPostprocessing = 0;
			shellPath = /bin/sh;
			shellScript = "\"${SRCROOT}/Pods/Target Support Files/Pods-DINGE/Pods-DINGE-resources.sh\"\n";
			showEnvVarsInLog = 0;
		};
		5488E0D6555F86F9F82CE472 /* [CP] Check Pods Manifest.lock */ = {
			isa = PBXShellScriptBuildPhase;
			buildActionMask = 2147483647;
			files = (
			);
			inputPaths = (
			);
			name = "[CP] Check Pods Manifest.lock";
			outputPaths = (
			);
			runOnlyForDeploymentPostprocessing = 0;
			shellPath = /bin/sh;
			shellScript = "diff \"${PODS_ROOT}/../Podfile.lock\" \"${PODS_ROOT}/Manifest.lock\" > /dev/null\nif [[ $? != 0 ]] ; then\n    cat << EOM\nerror: The sandbox is not in sync with the Podfile.lock. Run 'pod install' or update your CocoaPods installation.\nEOM\n    exit 1\nfi\n";
			showEnvVarsInLog = 0;
		};
		8932B1F70F35A478E3416566 /* [CP] Embed Pods Frameworks */ = {
			isa = PBXShellScriptBuildPhase;
			buildActionMask = 2147483647;
			files = (
			);
			inputPaths = (
			);
			name = "[CP] Embed Pods Frameworks";
			outputPaths = (
			);
			runOnlyForDeploymentPostprocessing = 0;
			shellPath = /bin/sh;
			shellScript = "\"${SRCROOT}/Pods/Target Support Files/Pods-DINGETests/Pods-DINGETests-frameworks.sh\"\n";
			showEnvVarsInLog = 0;
		};
		90CF7940623799A000A9BFEB /* [CP] Copy Pods Resources */ = {
			isa = PBXShellScriptBuildPhase;
			buildActionMask = 2147483647;
			files = (
			);
			inputPaths = (
			);
			name = "[CP] Copy Pods Resources";
			outputPaths = (
			);
			runOnlyForDeploymentPostprocessing = 0;
			shellPath = /bin/sh;
			shellScript = "\"${SRCROOT}/Pods/Target Support Files/Pods-DINGETests/Pods-DINGETests-resources.sh\"\n";
			showEnvVarsInLog = 0;
		};
		DE63F5BA97027EDA48407086 /* [CP] Check Pods Manifest.lock */ = {
			isa = PBXShellScriptBuildPhase;
			buildActionMask = 2147483647;
			files = (
			);
			inputPaths = (
			);
			name = "[CP] Check Pods Manifest.lock";
			outputPaths = (
			);
			runOnlyForDeploymentPostprocessing = 0;
			shellPath = /bin/sh;
			shellScript = "diff \"${PODS_ROOT}/../Podfile.lock\" \"${PODS_ROOT}/Manifest.lock\" > /dev/null\nif [[ $? != 0 ]] ; then\n    cat << EOM\nerror: The sandbox is not in sync with the Podfile.lock. Run 'pod install' or update your CocoaPods installation.\nEOM\n    exit 1\nfi\n";
			showEnvVarsInLog = 0;
		};
		ECABBA8531E6191A457C9A5D /* [CP] Check Pods Manifest.lock */ = {
			isa = PBXShellScriptBuildPhase;
			buildActionMask = 2147483647;
			files = (
			);
			inputPaths = (
			);
			name = "[CP] Check Pods Manifest.lock";
			outputPaths = (
			);
			runOnlyForDeploymentPostprocessing = 0;
			shellPath = /bin/sh;
			shellScript = "diff \"${PODS_ROOT}/../Podfile.lock\" \"${PODS_ROOT}/Manifest.lock\" > /dev/null\nif [[ $? != 0 ]] ; then\n    cat << EOM\nerror: The sandbox is not in sync with the Podfile.lock. Run 'pod install' or update your CocoaPods installation.\nEOM\n    exit 1\nfi\n";
			showEnvVarsInLog = 0;
		};
/* End PBXShellScriptBuildPhase section */

/* Begin PBXSourcesBuildPhase section */
		E379FDD31DDB3C2D001ECB10 /* Sources */ = {
			isa = PBXSourcesBuildPhase;
			buildActionMask = 2147483647;
			files = (
				E3A7E2EC1DE2B8610046323D /* CastsModel.m in Sources */,
				E3A7E2E31DE2A8BD0046323D /* AkaModel.m in Sources */,
				E39C86781DE1A9C000C9A115 /* BaseTabBarController.m in Sources */,
				E3BE3E831DE3DB72008100B2 /* MeCell.m in Sources */,
				E39C86631DE177BB00C9A115 /* HomePageController.m in Sources */,
				E379FDDF1DDB3C2D001ECB10 /* AppDelegate.m in Sources */,
				E3A7E2D41DE298270046323D /* UserModel.m in Sources */,
				E3A7E2D71DE29C150046323D /* MovieModel.m in Sources */,
				E3BE3E801DE3D8B0008100B2 /* MeController.m in Sources */,
				E39C86711DE1A3A500C9A115 /* HomePageLeftCell.m in Sources */,
				E3E218321DE48BB700924DD4 /* DiscoverController.m in Sources */,
				E3523C381DDDD8FB00CBED52 /* MessageCell.m in Sources */,
				E3BE3E6B1DE32EB2008100B2 /* HPCellModel.m in Sources */,
				E3A7E2E01DE29D660046323D /* LanguageModel.m in Sources */,
				E3A7E2F21DE2B8C20046323D /* RatingModel.m in Sources */,
				E3A7E2E61DE2B7BC0046323D /* GenreModel.m in Sources */,
				E3BE3E661DE2C55A008100B2 /* ModelTest.m in Sources */,
				E3A7E2DA1DE29CDE0046323D /* ImageModel.m in Sources */,
				E39C866E1DE1A39400C9A115 /* HomePageRightCell.m in Sources */,
				E39C86771DE1A9C000C9A115 /* BaseNavigationController.m in Sources */,
				E3853A171DE43FD40025A385 /* UITabBar+Badge.m in Sources */,
				E3E218371DE4972500924DD4 /* DiscoverCell.m in Sources */,
				E379FDDC1DDB3C2D001ECB10 /* main.m in Sources */,
				E3523C401DDDE23B00CBED52 /* MessageController.m in Sources */,
				E3BE3E6E1DE33323008100B2 /* ReplyModel.m in Sources */,
				E39C866B1DE19F2400C9A115 /* HPCarouselModel.m in Sources */,
				E3BE3E861DE3DB83008100B2 /* MeInfoCell.m in Sources */,
				E3A7E2E91DE2B7FA0046323D /* CountryModel.m in Sources */,
				E3A7E2EF1DE2B8990046323D /* DirectorModel.m in Sources */,
			);
			runOnlyForDeploymentPostprocessing = 0;
		};
		E379FDEC1DDB3C2D001ECB10 /* Sources */ = {
			isa = PBXSourcesBuildPhase;
			buildActionMask = 2147483647;
			files = (
				E379FDF51DDB3C2D001ECB10 /* DINGETests.m in Sources */,
			);
			runOnlyForDeploymentPostprocessing = 0;
		};
		E379FDF71DDB3C2D001ECB10 /* Sources */ = {
			isa = PBXSourcesBuildPhase;
			buildActionMask = 2147483647;
			files = (
				E379FE001DDB3C2D001ECB10 /* DINGEUITests.m in Sources */,
			);
			runOnlyForDeploymentPostprocessing = 0;
		};
/* End PBXSourcesBuildPhase section */

/* Begin PBXTargetDependency section */
		E379FDF21DDB3C2D001ECB10 /* PBXTargetDependency */ = {
			isa = PBXTargetDependency;
			target = E379FDD61DDB3C2D001ECB10 /* DINGE */;
			targetProxy = E379FDF11DDB3C2D001ECB10 /* PBXContainerItemProxy */;
		};
		E379FDFD1DDB3C2D001ECB10 /* PBXTargetDependency */ = {
			isa = PBXTargetDependency;
			target = E379FDD61DDB3C2D001ECB10 /* DINGE */;
			targetProxy = E379FDFC1DDB3C2D001ECB10 /* PBXContainerItemProxy */;
		};
/* End PBXTargetDependency section */

/* Begin PBXVariantGroup section */
		E379FDE31DDB3C2D001ECB10 /* Main.storyboard */ = {
			isa = PBXVariantGroup;
			children = (
				E379FDE41DDB3C2D001ECB10 /* Base */,
			);
			name = Main.storyboard;
			sourceTree = "<group>";
		};
		E379FDE81DDB3C2D001ECB10 /* LaunchScreen.storyboard */ = {
			isa = PBXVariantGroup;
			children = (
				E379FDE91DDB3C2D001ECB10 /* Base */,
			);
			name = LaunchScreen.storyboard;
			sourceTree = "<group>";
		};
/* End PBXVariantGroup section */

/* Begin XCBuildConfiguration section */
		E379FE021DDB3C2D001ECB10 /* Debug */ = {
			isa = XCBuildConfiguration;
			buildSettings = {
				ALWAYS_SEARCH_USER_PATHS = NO;
				CLANG_ANALYZER_NONNULL = YES;
				CLANG_CXX_LANGUAGE_STANDARD = "gnu++0x";
				CLANG_CXX_LIBRARY = "libc++";
				CLANG_ENABLE_MODULES = YES;
				CLANG_ENABLE_OBJC_ARC = YES;
				CLANG_WARN_BOOL_CONVERSION = YES;
				CLANG_WARN_CONSTANT_CONVERSION = YES;
				CLANG_WARN_DIRECT_OBJC_ISA_USAGE = YES_ERROR;
				CLANG_WARN_DOCUMENTATION_COMMENTS = YES;
				CLANG_WARN_EMPTY_BODY = YES;
				CLANG_WARN_ENUM_CONVERSION = YES;
				CLANG_WARN_INFINITE_RECURSION = YES;
				CLANG_WARN_INT_CONVERSION = YES;
				CLANG_WARN_OBJC_ROOT_CLASS = YES_ERROR;
				CLANG_WARN_SUSPICIOUS_MOVES = YES;
				CLANG_WARN_UNREACHABLE_CODE = YES;
				CLANG_WARN__DUPLICATE_METHOD_MATCH = YES;
				"CODE_SIGN_IDENTITY[sdk=iphoneos*]" = "iPhone Developer";
				COPY_PHASE_STRIP = NO;
				DEBUG_INFORMATION_FORMAT = dwarf;
				ENABLE_STRICT_OBJC_MSGSEND = YES;
				ENABLE_TESTABILITY = YES;
				GCC_C_LANGUAGE_STANDARD = gnu99;
				GCC_DYNAMIC_NO_PIC = NO;
				GCC_NO_COMMON_BLOCKS = YES;
				GCC_OPTIMIZATION_LEVEL = 0;
				GCC_PREPROCESSOR_DEFINITIONS = (
					"DEBUG=1",
					"$(inherited)",
				);
				GCC_WARN_64_TO_32_BIT_CONVERSION = YES;
				GCC_WARN_ABOUT_RETURN_TYPE = YES_ERROR;
				GCC_WARN_UNDECLARED_SELECTOR = YES;
				GCC_WARN_UNINITIALIZED_AUTOS = YES_AGGRESSIVE;
				GCC_WARN_UNUSED_FUNCTION = YES;
				GCC_WARN_UNUSED_VARIABLE = YES;
				IPHONEOS_DEPLOYMENT_TARGET = 10.1;
				MTL_ENABLE_DEBUG_INFO = YES;
				ONLY_ACTIVE_ARCH = YES;
				SDKROOT = iphoneos;
			};
			name = Debug;
		};
		E379FE031DDB3C2D001ECB10 /* Release */ = {
			isa = XCBuildConfiguration;
			buildSettings = {
				ALWAYS_SEARCH_USER_PATHS = NO;
				CLANG_ANALYZER_NONNULL = YES;
				CLANG_CXX_LANGUAGE_STANDARD = "gnu++0x";
				CLANG_CXX_LIBRARY = "libc++";
				CLANG_ENABLE_MODULES = YES;
				CLANG_ENABLE_OBJC_ARC = YES;
				CLANG_WARN_BOOL_CONVERSION = YES;
				CLANG_WARN_CONSTANT_CONVERSION = YES;
				CLANG_WARN_DIRECT_OBJC_ISA_USAGE = YES_ERROR;
				CLANG_WARN_DOCUMENTATION_COMMENTS = YES;
				CLANG_WARN_EMPTY_BODY = YES;
				CLANG_WARN_ENUM_CONVERSION = YES;
				CLANG_WARN_INFINITE_RECURSION = YES;
				CLANG_WARN_INT_CONVERSION = YES;
				CLANG_WARN_OBJC_ROOT_CLASS = YES_ERROR;
				CLANG_WARN_SUSPICIOUS_MOVES = YES;
				CLANG_WARN_UNREACHABLE_CODE = YES;
				CLANG_WARN__DUPLICATE_METHOD_MATCH = YES;
				"CODE_SIGN_IDENTITY[sdk=iphoneos*]" = "iPhone Developer";
				COPY_PHASE_STRIP = NO;
				DEBUG_INFORMATION_FORMAT = "dwarf-with-dsym";
				ENABLE_NS_ASSERTIONS = NO;
				ENABLE_STRICT_OBJC_MSGSEND = YES;
				GCC_C_LANGUAGE_STANDARD = gnu99;
				GCC_NO_COMMON_BLOCKS = YES;
				GCC_WARN_64_TO_32_BIT_CONVERSION = YES;
				GCC_WARN_ABOUT_RETURN_TYPE = YES_ERROR;
				GCC_WARN_UNDECLARED_SELECTOR = YES;
				GCC_WARN_UNINITIALIZED_AUTOS = YES_AGGRESSIVE;
				GCC_WARN_UNUSED_FUNCTION = YES;
				GCC_WARN_UNUSED_VARIABLE = YES;
				IPHONEOS_DEPLOYMENT_TARGET = 10.1;
				MTL_ENABLE_DEBUG_INFO = NO;
				SDKROOT = iphoneos;
				VALIDATE_PRODUCT = YES;
			};
			name = Release;
		};
		E379FE051DDB3C2D001ECB10 /* Debug */ = {
			isa = XCBuildConfiguration;
			baseConfigurationReference = D449E314B62DD7402AFF8A3C /* Pods-DINGE.debug.xcconfig */;
			buildSettings = {
				ASSETCATALOG_COMPILER_APPICON_NAME = AppIcon;
				CODE_SIGN_IDENTITY = "iPhone Developer";
				"CODE_SIGN_IDENTITY[sdk=iphoneos*]" = "iPhone Developer";
				DEVELOPMENT_TEAM = U94Q9R7M6A;
				GCC_PREFIX_HEADER = "$(SRCROOT)/DINGE/DINGE_PCH.pch";
				INFOPLIST_FILE = DINGE/Info.plist;
				IPHONEOS_DEPLOYMENT_TARGET = 10.1;
				LD_RUNPATH_SEARCH_PATHS = "$(inherited) @executable_path/Frameworks";
				PRODUCT_BUNDLE_IDENTIFIER = com.chock.DINGE;
				PRODUCT_NAME = "$(TARGET_NAME)";
			};
			name = Debug;
		};
		E379FE061DDB3C2D001ECB10 /* Release */ = {
			isa = XCBuildConfiguration;
			baseConfigurationReference = 345C8B2E15BBCC14C83091DC /* Pods-DINGE.release.xcconfig */;
			buildSettings = {
				ASSETCATALOG_COMPILER_APPICON_NAME = AppIcon;
				CODE_SIGN_IDENTITY = "iPhone Developer";
				"CODE_SIGN_IDENTITY[sdk=iphoneos*]" = "iPhone Developer";
				DEVELOPMENT_TEAM = U94Q9R7M6A;
				GCC_PREFIX_HEADER = "$(SRCROOT)/DINGE/DINGE_PCH.pch";
				INFOPLIST_FILE = DINGE/Info.plist;
				IPHONEOS_DEPLOYMENT_TARGET = 10.1;
				LD_RUNPATH_SEARCH_PATHS = "$(inherited) @executable_path/Frameworks";
				PRODUCT_BUNDLE_IDENTIFIER = com.chock.DINGE;
				PRODUCT_NAME = "$(TARGET_NAME)";
			};
			name = Release;
		};
		E379FE081DDB3C2D001ECB10 /* Debug */ = {
			isa = XCBuildConfiguration;
			baseConfigurationReference = 49E01C0CCF41A7709BB37189 /* Pods-DINGETests.debug.xcconfig */;
			buildSettings = {
				BUNDLE_LOADER = "$(TEST_HOST)";
				DEVELOPMENT_TEAM = WDDBSC2C6T;
				INFOPLIST_FILE = DINGETests/Info.plist;
				LD_RUNPATH_SEARCH_PATHS = "$(inherited) @executable_path/Frameworks @loader_path/Frameworks";
				PRODUCT_BUNDLE_IDENTIFIER = com.chock.DINGETests;
				PRODUCT_NAME = "$(TARGET_NAME)";
				TEST_HOST = "$(BUILT_PRODUCTS_DIR)/DINGE.app/DINGE";
			};
			name = Debug;
		};
		E379FE091DDB3C2D001ECB10 /* Release */ = {
			isa = XCBuildConfiguration;
			baseConfigurationReference = 41500BE2FAD887280BA8E768 /* Pods-DINGETests.release.xcconfig */;
			buildSettings = {
				BUNDLE_LOADER = "$(TEST_HOST)";
				DEVELOPMENT_TEAM = WDDBSC2C6T;
				INFOPLIST_FILE = DINGETests/Info.plist;
				LD_RUNPATH_SEARCH_PATHS = "$(inherited) @executable_path/Frameworks @loader_path/Frameworks";
				PRODUCT_BUNDLE_IDENTIFIER = com.chock.DINGETests;
				PRODUCT_NAME = "$(TARGET_NAME)";
				TEST_HOST = "$(BUILT_PRODUCTS_DIR)/DINGE.app/DINGE";
			};
			name = Release;
		};
		E379FE0B1DDB3C2D001ECB10 /* Debug */ = {
			isa = XCBuildConfiguration;
			baseConfigurationReference = 7818E0514D423DB6FDFDEE87 /* Pods-DINGEUITests.debug.xcconfig */;
			buildSettings = {
				DEVELOPMENT_TEAM = WDDBSC2C6T;
				INFOPLIST_FILE = DINGEUITests/Info.plist;
				LD_RUNPATH_SEARCH_PATHS = "$(inherited) @executable_path/Frameworks @loader_path/Frameworks";
				PRODUCT_BUNDLE_IDENTIFIER = com.chock.DINGEUITests;
				PRODUCT_NAME = "$(TARGET_NAME)";
				TEST_TARGET_NAME = DINGE;
			};
			name = Debug;
		};
		E379FE0C1DDB3C2D001ECB10 /* Release */ = {
			isa = XCBuildConfiguration;
			baseConfigurationReference = DBCC27242B1C3158DE653320 /* Pods-DINGEUITests.release.xcconfig */;
			buildSettings = {
				DEVELOPMENT_TEAM = WDDBSC2C6T;
				INFOPLIST_FILE = DINGEUITests/Info.plist;
				LD_RUNPATH_SEARCH_PATHS = "$(inherited) @executable_path/Frameworks @loader_path/Frameworks";
				PRODUCT_BUNDLE_IDENTIFIER = com.chock.DINGEUITests;
				PRODUCT_NAME = "$(TARGET_NAME)";
				TEST_TARGET_NAME = DINGE;
			};
			name = Release;
		};
/* End XCBuildConfiguration section */

/* Begin XCConfigurationList section */
		E379FDD21DDB3C2D001ECB10 /* Build configuration list for PBXProject "DINGE" */ = {
			isa = XCConfigurationList;
			buildConfigurations = (
				E379FE021DDB3C2D001ECB10 /* Debug */,
				E379FE031DDB3C2D001ECB10 /* Release */,
			);
			defaultConfigurationIsVisible = 0;
			defaultConfigurationName = Release;
		};
		E379FE041DDB3C2D001ECB10 /* Build configuration list for PBXNativeTarget "DINGE" */ = {
			isa = XCConfigurationList;
			buildConfigurations = (
				E379FE051DDB3C2D001ECB10 /* Debug */,
				E379FE061DDB3C2D001ECB10 /* Release */,
			);
			defaultConfigurationIsVisible = 0;
			defaultConfigurationName = Release;
		};
		E379FE071DDB3C2D001ECB10 /* Build configuration list for PBXNativeTarget "DINGETests" */ = {
			isa = XCConfigurationList;
			buildConfigurations = (
				E379FE081DDB3C2D001ECB10 /* Debug */,
				E379FE091DDB3C2D001ECB10 /* Release */,
			);
			defaultConfigurationIsVisible = 0;
			defaultConfigurationName = Release;
		};
		E379FE0A1DDB3C2D001ECB10 /* Build configuration list for PBXNativeTarget "DINGEUITests" */ = {
			isa = XCConfigurationList;
			buildConfigurations = (
				E379FE0B1DDB3C2D001ECB10 /* Debug */,
				E379FE0C1DDB3C2D001ECB10 /* Release */,
			);
			defaultConfigurationIsVisible = 0;
			defaultConfigurationName = Release;
		};
/* End XCConfigurationList section */
	};
	rootObject = E379FDCF1DDB3C2D001ECB10 /* Project object */;
}
